{
    "name": "io-api-client-example",
    "version": "0.1.0",
    "lockfileVersion": 3,
    "requires": true,
    "packages": {
        "": {
            "name": "io-api-client-example",
            "version": "0.1.0",
            "license": "ISC",
            "devDependencies": {
                "greengame-api-client": "^0.2.0",
                "typescript": "^5.3.3"
            }
        },
        "node_modules/greengame-api-client": {
            "version": "0.2.0",
            "resolved": "https://registry.npmjs.org/greengame-api-client/-/greengame-api-client-0.2.0.tgz",
            "integrity": "sha512-lUyZJZkwK8VfwxVKwda7SJXQC4i7P3MpS+wUKSDFBjtDG+cbY5uKAhFpA1aL4U0cBOkmaxrMqcCy/qpsiLDgqQ==",
            "dev": true
        },
        "node_modules/typescript": {
            "version": "5.3.3",
            "resolved": "https://registry.npmjs.org/typescript/-/typescript-5.3.3.tgz",
            "integrity": "sha512-pXWcraxM0uxAS+tN0AG/BF2TyqmHO014Z070UsJ+pFvYuRSq8KH8DmWpnbXe0pEPDHXZV3FcAbJkijJ5oNEnWw==",
            "dev": true,
            "bin": {
                "tsc": "bin/tsc",
                "tsserver": "bin/tsserver"
            },
            "engines": {
                "node": ">=14.17"
            }
        }
    }
}
